
Microsoft Visual Studio Solution File, Format Version 12.00
# Visual Studio Version 17
VisualStudioVersion = 17.9.34728.123
MinimumVisualStudioVersion = 10.0.40219.1
Project("{FAE04EC0-301F-11D3-BF4B-00C04F79EFBC}") = "Notiffy", "Notiffy\Notiffy.csproj", "{0872070D-1D95-468C-8FDD-633A3B4595FB}"
EndProject
Global
	GlobalSection(SolutionConfigurationPlatforms) = preSolution
		Debug|Any CPU = Debug|Any CPU
		Release|Any CPU = Release|Any CPU
	EndGlobalSection
	GlobalSection(ProjectConfigurationPlatforms) = postSolution
		{0872070D-1D95-468C-8FDD-633A3B4595FB}.Debug|Any CPU.ActiveCfg = Debug|Any CPU
		{0872070D-1D95-468C-8FDD-633A3B4595FB}.Debug|Any CPU.Build.0 = Debug|Any CPU
		{0872070D-1D95-468C-8FDD-633A3B4595FB}.Release|Any CPU.ActiveCfg = Release|Any CPU
		{0872070D-1D95-468C-8FDD-633A3B4595FB}.Release|Any CPU.Build.0 = Release|Any CPU
	EndGlobalSection
	GlobalSection(SolutionProperties) = preSolution
		HideSolutionNode = FALSE
	EndGlobalSection
	GlobalSection(ExtensibilityGlobals) = postSolution
		SolutionGuid = {6A62AB21-2CDD-421D-A50A-B5BE8748A27E}
	EndGlobalSection
EndGlobal
